{
  "name": "project",
  "lockfileVersion": 2,
  "requires": true,
  "packages": {
    "": {
      "dependencies": {
        "v-fit-columns": "^0.2.0"
      }
    },
    "node_modules/v-fit-columns": {
      "version": "0.2.0",
      "license": "MIT"
    }
  },
  "dependencies": {
    "v-fit-columns": {
      "version": "0.2.0"
    }
  }
}
